
Microsoft Visual Studio Solution File, Format Version 12.00
# Visual Studio Version 17
VisualStudioVersion = 17.14.36518.9 d17.14
MinimumVisualStudioVersion = 10.0.40219.1
Project("{FAE04EC0-301F-11D3-BF4B-00C04F79EFBC}") = "CicloDo", "CicloDo\CicloDo.csproj", "{915E2218-AD4D-4337-AB6F-2A5E55D37A1D}"
EndProject
Global
	GlobalSection(SolutionConfigurationPlatforms) = preSolution
		Debug|Any CPU = Debug|Any CPU
		Release|Any CPU = Release|Any CPU
	EndGlobalSection
	GlobalSection(ProjectConfigurationPlatforms) = postSolution
		{915E2218-AD4D-4337-AB6F-2A5E55D37A1D}.Debug|Any CPU.ActiveCfg = Debug|Any CPU
		{915E2218-AD4D-4337-AB6F-2A5E55D37A1D}.Debug|Any CPU.Build.0 = Debug|Any CPU
		{915E2218-AD4D-4337-AB6F-2A5E55D37A1D}.Release|Any CPU.ActiveCfg = Release|Any CPU
		{915E2218-AD4D-4337-AB6F-2A5E55D37A1D}.Release|Any CPU.Build.0 = Release|Any CPU
	EndGlobalSection
	GlobalSection(SolutionProperties) = preSolution
		HideSolutionNode = FALSE
	EndGlobalSection
	GlobalSection(ExtensibilityGlobals) = postSolution
		SolutionGuid = {7E0412D5-5402-44BF-AF3E-5194679E7250}
	EndGlobalSection
EndGlobal
