
Microsoft Visual Studio Solution File, Format Version 12.00
# Visual Studio Version 17
VisualStudioVersion = 17.14.36518.9 d17.14
MinimumVisualStudioVersion = 10.0.40219.1
Project("{FAE04EC0-301F-11D3-BF4B-00C04F79EFBC}") = "EjercicioSwitch", "EjercicioSwitch\EjercicioSwitch.csproj", "{0C819680-18A2-4B2E-8981-FBD98166D77B}"
EndProject
Global
	GlobalSection(SolutionConfigurationPlatforms) = preSolution
		Debug|Any CPU = Debug|Any CPU
		Release|Any CPU = Release|Any CPU
	EndGlobalSection
	GlobalSection(ProjectConfigurationPlatforms) = postSolution
		{0C819680-18A2-4B2E-8981-FBD98166D77B}.Debug|Any CPU.ActiveCfg = Debug|Any CPU
		{0C819680-18A2-4B2E-8981-FBD98166D77B}.Debug|Any CPU.Build.0 = Debug|Any CPU
		{0C819680-18A2-4B2E-8981-FBD98166D77B}.Release|Any CPU.ActiveCfg = Release|Any CPU
		{0C819680-18A2-4B2E-8981-FBD98166D77B}.Release|Any CPU.Build.0 = Release|Any CPU
	EndGlobalSection
	GlobalSection(SolutionProperties) = preSolution
		HideSolutionNode = FALSE
	EndGlobalSection
	GlobalSection(ExtensibilityGlobals) = postSolution
		SolutionGuid = {BF1E8DF7-3259-432B-A0E4-CD49E2E3D4B8}
	EndGlobalSection
EndGlobal
