
Microsoft Visual Studio Solution File, Format Version 12.00
# Visual Studio Version 17
VisualStudioVersion = 17.14.36518.9 d17.14
MinimumVisualStudioVersion = 10.0.40219.1
Project("{FAE04EC0-301F-11D3-BF4B-00C04F79EFBC}") = "CicloFor", "CicloFor\CicloFor.csproj", "{CAFA1471-22F5-46C5-B7EC-1FCF5E18856E}"
EndProject
Global
	GlobalSection(SolutionConfigurationPlatforms) = preSolution
		Debug|Any CPU = Debug|Any CPU
		Release|Any CPU = Release|Any CPU
	EndGlobalSection
	GlobalSection(ProjectConfigurationPlatforms) = postSolution
		{CAFA1471-22F5-46C5-B7EC-1FCF5E18856E}.Debug|Any CPU.ActiveCfg = Debug|Any CPU
		{CAFA1471-22F5-46C5-B7EC-1FCF5E18856E}.Debug|Any CPU.Build.0 = Debug|Any CPU
		{CAFA1471-22F5-46C5-B7EC-1FCF5E18856E}.Release|Any CPU.ActiveCfg = Release|Any CPU
		{CAFA1471-22F5-46C5-B7EC-1FCF5E18856E}.Release|Any CPU.Build.0 = Release|Any CPU
	EndGlobalSection
	GlobalSection(SolutionProperties) = preSolution
		HideSolutionNode = FALSE
	EndGlobalSection
	GlobalSection(ExtensibilityGlobals) = postSolution
		SolutionGuid = {E59ABA2D-AE61-4670-988B-A38B6C7E1384}
	EndGlobalSection
EndGlobal
