
Microsoft Visual Studio Solution File, Format Version 12.00
# Visual Studio Version 17
VisualStudioVersion = 17.14.36518.9 d17.14
MinimumVisualStudioVersion = 10.0.40219.1
Project("{FAE04EC0-301F-11D3-BF4B-00C04F79EFBC}") = "PasoPorReferenciaValor", "PasoPorReferenciaValor\PasoPorReferenciaValor.csproj", "{2FB34C0E-6E0A-42A7-AF06-3C9B221B7484}"
EndProject
Global
	GlobalSection(SolutionConfigurationPlatforms) = preSolution
		Debug|Any CPU = Debug|Any CPU
		Release|Any CPU = Release|Any CPU
	EndGlobalSection
	GlobalSection(ProjectConfigurationPlatforms) = postSolution
		{2FB34C0E-6E0A-42A7-AF06-3C9B221B7484}.Debug|Any CPU.ActiveCfg = Debug|Any CPU
		{2FB34C0E-6E0A-42A7-AF06-3C9B221B7484}.Debug|Any CPU.Build.0 = Debug|Any CPU
		{2FB34C0E-6E0A-42A7-AF06-3C9B221B7484}.Release|Any CPU.ActiveCfg = Release|Any CPU
		{2FB34C0E-6E0A-42A7-AF06-3C9B221B7484}.Release|Any CPU.Build.0 = Release|Any CPU
	EndGlobalSection
	GlobalSection(SolutionProperties) = preSolution
		HideSolutionNode = FALSE
	EndGlobalSection
	GlobalSection(ExtensibilityGlobals) = postSolution
		SolutionGuid = {188A005D-3C10-49CE-AFFF-CED1498CB957}
	EndGlobalSection
EndGlobal
