
Microsoft Visual Studio Solution File, Format Version 12.00
# Visual Studio Version 17
VisualStudioVersion = 17.14.36518.9 d17.14
MinimumVisualStudioVersion = 10.0.40219.1
Project("{FAE04EC0-301F-11D3-BF4B-00C04F79EFBC}") = "CiclosAnidados", "CiclosAnidados\CiclosAnidados.csproj", "{43A6511A-F1FF-4D5D-B54E-AB9C5476CFE4}"
EndProject
Global
	GlobalSection(SolutionConfigurationPlatforms) = preSolution
		Debug|Any CPU = Debug|Any CPU
		Release|Any CPU = Release|Any CPU
	EndGlobalSection
	GlobalSection(ProjectConfigurationPlatforms) = postSolution
		{43A6511A-F1FF-4D5D-B54E-AB9C5476CFE4}.Debug|Any CPU.ActiveCfg = Debug|Any CPU
		{43A6511A-F1FF-4D5D-B54E-AB9C5476CFE4}.Debug|Any CPU.Build.0 = Debug|Any CPU
		{43A6511A-F1FF-4D5D-B54E-AB9C5476CFE4}.Release|Any CPU.ActiveCfg = Release|Any CPU
		{43A6511A-F1FF-4D5D-B54E-AB9C5476CFE4}.Release|Any CPU.Build.0 = Release|Any CPU
	EndGlobalSection
	GlobalSection(SolutionProperties) = preSolution
		HideSolutionNode = FALSE
	EndGlobalSection
	GlobalSection(ExtensibilityGlobals) = postSolution
		SolutionGuid = {22E5B107-44E9-418B-B421-2E52227317C3}
	EndGlobalSection
EndGlobal
